// !$*UTF8*$!
{
	archiveVersion = 1;
	classes = {
	};
	objectVersion = 46;
	objects = {

/* Begin PBXBuildFile section */
		EADF63821AC3ECE7007413D1 /* AppDelegate.swift in Sources */ = {isa = PBXBuildFile; fileRef = EADF63811AC3ECE7007413D1 /* AppDelegate.swift */; };
		EADF63841AC3ECE7007413D1 /* ViewController.swift in Sources */ = {isa = PBXBuildFile; fileRef = EADF63831AC3ECE7007413D1 /* ViewController.swift */; };
		EADF63871AC3ECE7007413D1 /* Main.storyboard in Resources */ = {isa = PBXBuildFile; fileRef = EADF63851AC3ECE7007413D1 /* Main.storyboard */; };
		EADF63891AC3ECE7007413D1 /* Images.xcassets in Resources */ = {isa = PBXBuildFile; fileRef = EADF63881AC3ECE7007413D1 /* Images.xcassets */; };
		EADF638C1AC3ECE7007413D1 /* LaunchScreen.xib in Resources */ = {isa = PBXBuildFile; fileRef = EADF638A1AC3ECE7007413D1 /* LaunchScreen.xib */; };
		EADF63981AC3ECE8007413D1 /* DemoTests.swift in Sources */ = {isa = PBXBuildFile; fileRef = EADF63971AC3ECE8007413D1 /* DemoTests.swift */; };
		EADF63A21AC3ECF1007413D1 /* UISliderLabel.swift in Sources */ = {isa = PBXBuildFile; fileRef = EADF63A11AC3ECF1007413D1 /* UISliderLabel.swift */; };
/* End PBXBuildFile section */

/* Begin PBXContainerItemProxy section */
		EADF63921AC3ECE7007413D1 /* PBXContainerItemProxy */ = {
			isa = PBXContainerItemProxy;
			containerPortal = EADF63741AC3ECE7007413D1 /* Project object */;
			proxyType = 1;
			remoteGlobalIDString = EADF637B1AC3ECE7007413D1;
			remoteInfo = Demo;
		};
/* End PBXContainerItemProxy section */

/* Begin PBXFileReference section */
		EADF637C1AC3ECE7007413D1 /* Demo.app */ = {isa = PBXFileReference; explicitFileType = wrapper.application; includeInIndex = 0; path = Demo.app; sourceTree = BUILT_PRODUCTS_DIR; };
		EADF63801AC3ECE7007413D1 /* Info.plist */ = {isa = PBXFileReference; lastKnownFileType = text.plist.xml; path = Info.plist; sourceTree = "<group>"; };
		EADF63811AC3ECE7007413D1 /* AppDelegate.swift */ = {isa = PBXFileReference; lastKnownFileType = sourcecode.swift; path = AppDelegate.swift; sourceTree = "<group>"; };
		EADF63831AC3ECE7007413D1 /* ViewController.swift */ = {isa = PBXFileReference; lastKnownFileType = sourcecode.swift; path = ViewController.swift; sourceTree = "<group>"; };
		EADF63861AC3ECE7007413D1 /* Base */ = {isa = PBXFileReference; lastKnownFileType = file.storyboard; name = Base; path = Base.lproj/Main.storyboard; sourceTree = "<group>"; };
		EADF63881AC3ECE7007413D1 /* Images.xcassets */ = {isa = PBXFileReference; lastKnownFileType = folder.assetcatalog; path = Images.xcassets; sourceTree = "<group>"; };
		EADF638B1AC3ECE7007413D1 /* Base */ = {isa = PBXFileReference; lastKnownFileType = file.xib; name = Base; path = Base.lproj/LaunchScreen.xib; sourceTree = "<group>"; };
		EADF63911AC3ECE7007413D1 /* DemoTests.xctest */ = {isa = PBXFileReference; explicitFileType = wrapper.cfbundle; includeInIndex = 0; path = DemoTests.xctest; sourceTree = BUILT_PRODUCTS_DIR; };
		EADF63961AC3ECE8007413D1 /* Info.plist */ = {isa = PBXFileReference; lastKnownFileType = text.plist.xml; path = Info.plist; sourceTree = "<group>"; };
		EADF63971AC3ECE8007413D1 /* DemoTests.swift */ = {isa = PBXFileReference; lastKnownFileType = sourcecode.swift; path = DemoTests.swift; sourceTree = "<group>"; };
		EADF63A11AC3ECF1007413D1 /* UISliderLabel.swift */ = {isa = PBXFileReference; fileEncoding = 4; lastKnownFileType = sourcecode.swift; path = UISliderLabel.swift; sourceTree = "<group>"; };
		EADF63A31AC3F13D007413D1 /* MyPlayground.playground */ = {isa = PBXFileReference; lastKnownFileType = file.playground; path = MyPlayground.playground; sourceTree = "<group>"; };
/* End PBXFileReference section */

/* Begin PBXFrameworksBuildPhase section */
		EADF63791AC3ECE7007413D1 /* Frameworks */ = {
			isa = PBXFrameworksBuildPhase;
			buildActionMask = 2147483647;
			files = (
			);
			runOnlyForDeploymentPostprocessing = 0;
		};
		EADF638E1AC3ECE7007413D1 /* Frameworks */ = {
			isa = PBXFrameworksBuildPhase;
			buildActionMask = 2147483647;
			files = (
			);
			runOnlyForDeploymentPostprocessing = 0;
		};
/* End PBXFrameworksBuildPhase section */

/* Begin PBXGroup section */
		EADF63731AC3ECE7007413D1 = {
			isa = PBXGroup;
			children = (
				EADF63A31AC3F13D007413D1 /* MyPlayground.playground */,
				EADF637E1AC3ECE7007413D1 /* Demo */,
				EADF63941AC3ECE8007413D1 /* DemoTests */,
				EADF637D1AC3ECE7007413D1 /* Products */,
			);
			sourceTree = "<group>";
		};
		EADF637D1AC3ECE7007413D1 /* Products */ = {
			isa = PBXGroup;
			children = (
				EADF637C1AC3ECE7007413D1 /* Demo.app */,
				EADF63911AC3ECE7007413D1 /* DemoTests.xctest */,
			);
			name = Products;
			sourceTree = "<group>";
		};
		EADF637E1AC3ECE7007413D1 /* Demo */ = {
			isa = PBXGroup;
			children = (
				EADF63A11AC3ECF1007413D1 /* UISliderLabel.swift */,
				EADF63811AC3ECE7007413D1 /* AppDelegate.swift */,
				EADF63831AC3ECE7007413D1 /* ViewController.swift */,
				EADF63851AC3ECE7007413D1 /* Main.storyboard */,
				EADF63881AC3ECE7007413D1 /* Images.xcassets */,
				EADF638A1AC3ECE7007413D1 /* LaunchScreen.xib */,
				EADF637F1AC3ECE7007413D1 /* Supporting Files */,
			);
			path = Demo;
			sourceTree = "<group>";
		};
		EADF637F1AC3ECE7007413D1 /* Supporting Files */ = {
			isa = PBXGroup;
			children = (
				EADF63801AC3ECE7007413D1 /* Info.plist */,
			);
			name = "Supporting Files";
			sourceTree = "<group>";
		};
		EADF63941AC3ECE8007413D1 /* DemoTests */ = {
			isa = PBXGroup;
			children = (
				EADF63971AC3ECE8007413D1 /* DemoTests.swift */,
				EADF63951AC3ECE8007413D1 /* Supporting Files */,
			);
			path = DemoTests;
			sourceTree = "<group>";
		};
		EADF63951AC3ECE8007413D1 /* Supporting Files */ = {
			isa = PBXGroup;
			children = (
				EADF63961AC3ECE8007413D1 /* Info.plist */,
			);
			name = "Supporting Files";
			sourceTree = "<group>";
		};
/* End PBXGroup section */

/* Begin PBXNativeTarget section */
		EADF637B1AC3ECE7007413D1 /* Demo */ = {
			isa = PBXNativeTarget;
			buildConfigurationList = EADF639B1AC3ECE8007413D1 /* Build configuration list for PBXNativeTarget "Demo" */;
			buildPhases = (
				EADF63781AC3ECE7007413D1 /* Sources */,
				EADF63791AC3ECE7007413D1 /* Frameworks */,
				EADF637A1AC3ECE7007413D1 /* Resources */,
			);
			buildRules = (
			);
			dependencies = (
			);
			name = Demo;
			productName = Demo;
			productReference = EADF637C1AC3ECE7007413D1 /* Demo.app */;
			productType = "com.apple.product-type.application";
		};
		EADF63901AC3ECE7007413D1 /* DemoTests */ = {
			isa = PBXNativeTarget;
			buildConfigurationList = EADF639E1AC3ECE8007413D1 /* Build configuration list for PBXNativeTarget "DemoTests" */;
			buildPhases = (
				EADF638D1AC3ECE7007413D1 /* Sources */,
				EADF638E1AC3ECE7007413D1 /* Frameworks */,
				EADF638F1AC3ECE7007413D1 /* Resources */,
			);
			buildRules = (
			);
			dependencies = (
				EADF63931AC3ECE7007413D1 /* PBXTargetDependency */,
			);
			name = DemoTests;
			productName = DemoTests;
			productReference = EADF63911AC3ECE7007413D1 /* DemoTests.xctest */;
			productType = "com.apple.product-type.bundle.unit-test";
		};
/* End PBXNativeTarget section */

/* Begin PBXProject section */
		EADF63741AC3ECE7007413D1 /* Project object */ = {
			isa = PBXProject;
			attributes = {
				LastUpgradeCheck = 0630;
				TargetAttributes = {
					EADF637B1AC3ECE7007413D1 = {
						CreatedOnToolsVersion = 6.3;
					};
					EADF63901AC3ECE7007413D1 = {
						CreatedOnToolsVersion = 6.3;
						TestTargetID = EADF637B1AC3ECE7007413D1;
					};
				};
			};
			buildConfigurationList = EADF63771AC3ECE7007413D1 /* Build configuration list for PBXProject "Demo" */;
			compatibilityVersion = "Xcode 3.2";
			developmentRegion = English;
			hasScannedForEncodings = 0;
			knownRegions = (
				en,
				Base,
			);
			mainGroup = EADF63731AC3ECE7007413D1;
			productRefGroup = EADF637D1AC3ECE7007413D1 /* Products */;
			projectDirPath = "";
			projectRoot = "";
			targets = (
				EADF637B1AC3ECE7007413D1 /* Demo */,
				EADF63901AC3ECE7007413D1 /* DemoTests */,
			);
		};
/* End PBXProject section */

/* Begin PBXResourcesBuildPhase section */
		EADF637A1AC3ECE7007413D1 /* Resources */ = {
			isa = PBXResourcesBuildPhase;
			buildActionMask = 2147483647;
			files = (
				EADF63871AC3ECE7007413D1 /* Main.storyboard in Resources */,
				EADF638C1AC3ECE7007413D1 /* LaunchScreen.xib in Resources */,
				EADF63891AC3ECE7007413D1 /* Images.xcassets in Resources */,
			);
			runOnlyForDeploymentPostprocessing = 0;
		};
		EADF638F1AC3ECE7007413D1 /* Resources */ = {
			isa = PBXResourcesBuildPhase;
			buildActionMask = 2147483647;
			files = (
			);
			runOnlyForDeploymentPostprocessing = 0;
		};
/* End PBXResourcesBuildPhase section */

/* Begin PBXSourcesBuildPhase section */
		EADF63781AC3ECE7007413D1 /* Sources */ = {
			isa = PBXSourcesBuildPhase;
			buildActionMask = 2147483647;
			files = (
				EADF63A21AC3ECF1007413D1 /* UISliderLabel.swift in Sources */,
				EADF63841AC3ECE7007413D1 /* ViewController.swift in Sources */,
				EADF63821AC3ECE7007413D1 /* AppDelegate.swift in Sources */,
			);
			runOnlyForDeploymentPostprocessing = 0;
		};
		EADF638D1AC3ECE7007413D1 /* Sources */ = {
			isa = PBXSourcesBuildPhase;
			buildActionMask = 2147483647;
			files = (
				EADF63981AC3ECE8007413D1 /* DemoTests.swift in Sources */,
			);
			runOnlyForDeploymentPostprocessing = 0;
		};
/* End PBXSourcesBuildPhase section */

/* Begin PBXTargetDependency section */
		EADF63931AC3ECE7007413D1 /* PBXTargetDependency */ = {
			isa = PBXTargetDependency;
			target = EADF637B1AC3ECE7007413D1 /* Demo */;
			targetProxy = EADF63921AC3ECE7007413D1 /* PBXContainerItemProxy */;
		};
/* End PBXTargetDependency section */

/* Begin PBXVariantGroup section */
		EADF63851AC3ECE7007413D1 /* Main.storyboard */ = {
			isa = PBXVariantGroup;
			children = (
				EADF63861AC3ECE7007413D1 /* Base */,
			);
			name = Main.storyboard;
			sourceTree = "<group>";
		};
		EADF638A1AC3ECE7007413D1 /* LaunchScreen.xib */ = {
			isa = PBXVariantGroup;
			children = (
				EADF638B1AC3ECE7007413D1 /* Base */,
			);
			name = LaunchScreen.xib;
			sourceTree = "<group>";
		};
/* End PBXVariantGroup section */

/* Begin XCBuildConfiguration section */
		EADF63991AC3ECE8007413D1 /* Debug */ = {
			isa = XCBuildConfiguration;
			buildSettings = {
				ALWAYS_SEARCH_USER_PATHS = NO;
				CLANG_CXX_LANGUAGE_STANDARD = "gnu++0x";
				CLANG_CXX_LIBRARY = "libc++";
				CLANG_ENABLE_MODULES = YES;
				CLANG_ENABLE_OBJC_ARC = YES;
				CLANG_WARN_BOOL_CONVERSION = YES;
				CLANG_WARN_CONSTANT_CONVERSION = YES;
				CLANG_WARN_DIRECT_OBJC_ISA_USAGE = YES_ERROR;
				CLANG_WARN_EMPTY_BODY = YES;
				CLANG_WARN_ENUM_CONVERSION = YES;
				CLANG_WARN_INT_CONVERSION = YES;
				CLANG_WARN_OBJC_ROOT_CLASS = YES_ERROR;
				CLANG_WARN_UNREACHABLE_CODE = YES;
				CLANG_WARN__DUPLICATE_METHOD_MATCH = YES;
				"CODE_SIGN_IDENTITY[sdk=iphoneos*]" = "iPhone Developer";
				COPY_PHASE_STRIP = NO;
				DEBUG_INFORMATION_FORMAT = dwarf;
				ENABLE_STRICT_OBJC_MSGSEND = YES;
				GCC_C_LANGUAGE_STANDARD = gnu99;
				GCC_DYNAMIC_NO_PIC = NO;
				GCC_OPTIMIZATION_LEVEL = 0;
				GCC_PREPROCESSOR_DEFINITIONS = (
					"DEBUG=1",
					"$(inherited)",
				);
				GCC_SYMBOLS_PRIVATE_EXTERN = NO;
				GCC_WARN_64_TO_32_BIT_CONVERSION = YES;
				GCC_WARN_ABOUT_RETURN_TYPE = YES_ERROR;
				GCC_WARN_UNDECLARED_SELECTOR = YES;
				GCC_WARN_UNINITIALIZED_AUTOS = YES_AGGRESSIVE;
				GCC_WARN_UNUSED_FUNCTION = YES;
				GCC_WARN_UNUSED_VARIABLE = YES;
				IPHONEOS_DEPLOYMENT_TARGET = 8.3;
				MTL_ENABLE_DEBUG_INFO = YES;
				ONLY_ACTIVE_ARCH = YES;
				SDKROOT = iphoneos;
				SWIFT_OPTIMIZATION_LEVEL = "-Onone";
				TARGETED_DEVICE_FAMILY = "1,2";
			};
			name = Debug;
		};
		EADF639A1AC3ECE8007413D1 /* Release */ = {
			isa = XCBuildConfiguration;
			buildSettings = {
				ALWAYS_SEARCH_USER_PATHS = NO;
				CLANG_CXX_LANGUAGE_STANDARD = "gnu++0x";
				CLANG_CXX_LIBRARY = "libc++";
				CLANG_ENABLE_MODULES = YES;
				CLANG_ENABLE_OBJC_ARC = YES;
				CLANG_WARN_BOOL_CONVERSION = YES;
				CLANG_WARN_CONSTANT_CONVERSION = YES;
				CLANG_WARN_DIRECT_OBJC_ISA_USAGE = YES_ERROR;
				CLANG_WARN_EMPTY_BODY = YES;
				CLANG_WARN_ENUM_CONVERSION = YES;
				CLANG_WARN_INT_CONVERSION = YES;
				CLANG_WARN_OBJC_ROOT_CLASS = YES_ERROR;
				CLANG_WARN_UNREACHABLE_CODE = YES;
				CLANG_WARN__DUPLICATE_METHOD_MATCH = YES;
				"CODE_SIGN_IDENTITY[sdk=iphoneos*]" = "iPhone Developer";
				COPY_PHASE_STRIP = NO;
				DEBUG_INFORMATION_FORMAT = "dwarf-with-dsym";
				ENABLE_NS_ASSERTIONS = NO;
				ENABLE_STRICT_OBJC_MSGSEND = YES;
				GCC_C_LANGUAGE_STANDARD = gnu99;
				GCC_WARN_64_TO_32_BIT_CONVERSION = YES;
				GCC_WARN_ABOUT_RETURN_TYPE = YES_ERROR;
				GCC_WARN_UNDECLARED_SELECTOR = YES;
				GCC_WARN_UNINITIALIZED_AUTOS = YES_AGGRESSIVE;
				GCC_WARN_UNUSED_FUNCTION = YES;
				GCC_WARN_UNUSED_VARIABLE = YES;
				IPHONEOS_DEPLOYMENT_TARGET = 8.3;
				MTL_ENABLE_DEBUG_INFO = NO;
				SDKROOT = iphoneos;
				TARGETED_DEVICE_FAMILY = "1,2";
				VALIDATE_PRODUCT = YES;
			};
			name = Release;
		};
		EADF639C1AC3ECE8007413D1 /* Debug */ = {
			isa = XCBuildConfiguration;
			buildSettings = {
				ASSETCATALOG_COMPILER_APPICON_NAME = AppIcon;
				INFOPLIST_FILE = Demo/Info.plist;
				LD_RUNPATH_SEARCH_PATHS = "$(inherited) @executable_path/Frameworks";
				PRODUCT_NAME = "$(TARGET_NAME)";
			};
			name = Debug;
		};
		EADF639D1AC3ECE8007413D1 /* Release */ = {
			isa = XCBuildConfiguration;
			buildSettings = {
				ASSETCATALOG_COMPILER_APPICON_NAME = AppIcon;
				INFOPLIST_FILE = Demo/Info.plist;
				LD_RUNPATH_SEARCH_PATHS = "$(inherited) @executable_path/Frameworks";
				PRODUCT_NAME = "$(TARGET_NAME)";
			};
			name = Release;
		};
		EADF639F1AC3ECE8007413D1 /* Debug */ = {
			isa = XCBuildConfiguration;
			buildSettings = {
				BUNDLE_LOADER = "$(TEST_HOST)";
				FRAMEWORK_SEARCH_PATHS = (
					"$(SDKROOT)/Developer/Library/Frameworks",
					"$(inherited)",
				);
				GCC_PREPROCESSOR_DEFINITIONS = (
					"DEBUG=1",
					"$(inherited)",
				);
				INFOPLIST_FILE = DemoTests/Info.plist;
				LD_RUNPATH_SEARCH_PATHS = "$(inherited) @executable_path/Frameworks @loader_path/Frameworks";
				PRODUCT_NAME = "$(TARGET_NAME)";
				TEST_HOST = "$(BUILT_PRODUCTS_DIR)/Demo.app/Demo";
			};
			name = Debug;
		};
		EADF63A01AC3ECE8007413D1 /* Release */ = {
			isa = XCBuildConfiguration;
			buildSettings = {
				BUNDLE_LOADER = "$(TEST_HOST)";
				FRAMEWORK_SEARCH_PATHS = (
					"$(SDKROOT)/Developer/Library/Frameworks",
					"$(inherited)",
				);
				INFOPLIST_FILE = DemoTests/Info.plist;
				LD_RUNPATH_SEARCH_PATHS = "$(inherited) @executable_path/Frameworks @loader_path/Frameworks";
				PRODUCT_NAME = "$(TARGET_NAME)";
				TEST_HOST = "$(BUILT_PRODUCTS_DIR)/Demo.app/Demo";
			};
			name = Release;
		};
/* End XCBuildConfiguration section */

/* Begin XCConfigurationList section */
		EADF63771AC3ECE7007413D1 /* Build configuration list for PBXProject "Demo" */ = {
			isa = XCConfigurationList;
			buildConfigurations = (
				EADF63991AC3ECE8007413D1 /* Debug */,
				EADF639A1AC3ECE8007413D1 /* Release */,
			);
			defaultConfigurationIsVisible = 0;
			defaultConfigurationName = Release;
		};
		EADF639B1AC3ECE8007413D1 /* Build configuration list for PBXNativeTarget "Demo" */ = {
			isa = XCConfigurationList;
			buildConfigurations = (
				EADF639C1AC3ECE8007413D1 /* Debug */,
				EADF639D1AC3ECE8007413D1 /* Release */,
			);
			defaultConfigurationIsVisible = 0;
		};
		EADF639E1AC3ECE8007413D1 /* Build configuration list for PBXNativeTarget "DemoTests" */ = {
			isa = XCConfigurationList;
			buildConfigurations = (
				EADF639F1AC3ECE8007413D1 /* Debug */,
				EADF63A01AC3ECE8007413D1 /* Release */,
			);
			defaultConfigurationIsVisible = 0;
		};
/* End XCConfigurationList section */
	};
	rootObject = EADF63741AC3ECE7007413D1 /* Project object */;
}
